
Microsoft Visual Studio Solution File, Format Version 12.00
# Visual Studio Version 16
VisualStudioVersion = 17.0.31611.283
MinimumVisualStudioVersion = 10.0.40219.1
Project("{9A19103F-16F7-4668-BE54-9A1E7A4F7556}") = "MVVMMaui", "MVVMMaui\MVVMMaui.csproj", "{6ECC7446-D1A1-4251-B3E2-C2B752EB8846}"
EndProject
Project("{FAE04EC0-301F-11D3-BF4B-00C04F79EFBC}") = "Model", "Model\Model.csproj", "{4A539EAC-825B-4D82-969B-E11C34BF66D8}"
EndProject
Project("{2150E333-8FDC-42A3-9474-1A3956D46DE8}") = "Tests", "Tests", "{4EDA92C0-5EA8-4707-BC59-11D2FBBB9B0D}"
EndProject
Project("{2150E333-8FDC-42A3-9474-1A3956D46DE8}") = "StubLib", "StubLib", "{4EB06CE6-C4D9-452E-824C-F0594BAB0004}"
EndProject
Project("{2150E333-8FDC-42A3-9474-1A3956D46DE8}") = "Shared", "Shared", "{4322693F-3BB0-47FD-929C-7ADC2711D20D}"
EndProject
Project("{FAE04EC0-301F-11D3-BF4B-00C04F79EFBC}") = "Shared", "..\MVVM_custom_LoL\Sources\Shared\Shared.csproj", "{C88B1C66-1A6C-40BB-BE2B-78361D9DE21F}"
EndProject
Project("{FAE04EC0-301F-11D3-BF4B-00C04F79EFBC}") = "StubLib", "..\MVVM_custom_LoL\Sources\StubLib\StubLib.csproj", "{D42013B1-757B-4D88-9547-78B6675E3CE0}"
EndProject
Project("{FAE04EC0-301F-11D3-BF4B-00C04F79EFBC}") = "ConsoleTests", "..\MVVM_custom_LoL\Sources\Tests\ConsoleTests\ConsoleTests.csproj", "{5EA31CEE-A375-4097-970A-DC615C49BA3B}"
EndProject
Project("{FAE04EC0-301F-11D3-BF4B-00C04F79EFBC}") = "MVVM", "MVVM\MVVM.csproj", "{9C745ED9-66B2-4C55-BC65-F7881CA71B05}"
EndProject
Project("{FAE04EC0-301F-11D3-BF4B-00C04F79EFBC}") = "ViewModel", "ViewModel\ViewModel.csproj", "{DF726536-728D-4794-B87A-98A28D13A291}"
EndProject
Global
	GlobalSection(SolutionConfigurationPlatforms) = preSolution
		Debug|Any CPU = Debug|Any CPU
		Release|Any CPU = Release|Any CPU
	EndGlobalSection
	GlobalSection(ProjectConfigurationPlatforms) = postSolution
		{6ECC7446-D1A1-4251-B3E2-C2B752EB8846}.Debug|Any CPU.ActiveCfg = Debug|Any CPU
		{6ECC7446-D1A1-4251-B3E2-C2B752EB8846}.Debug|Any CPU.Build.0 = Debug|Any CPU
		{6ECC7446-D1A1-4251-B3E2-C2B752EB8846}.Debug|Any CPU.Deploy.0 = Debug|Any CPU
		{6ECC7446-D1A1-4251-B3E2-C2B752EB8846}.Release|Any CPU.ActiveCfg = Release|Any CPU
		{6ECC7446-D1A1-4251-B3E2-C2B752EB8846}.Release|Any CPU.Build.0 = Release|Any CPU
		{6ECC7446-D1A1-4251-B3E2-C2B752EB8846}.Release|Any CPU.Deploy.0 = Release|Any CPU
		{4A539EAC-825B-4D82-969B-E11C34BF66D8}.Debug|Any CPU.ActiveCfg = Debug|Any CPU
		{4A539EAC-825B-4D82-969B-E11C34BF66D8}.Debug|Any CPU.Build.0 = Debug|Any CPU
		{4A539EAC-825B-4D82-969B-E11C34BF66D8}.Release|Any CPU.ActiveCfg = Release|Any CPU
		{4A539EAC-825B-4D82-969B-E11C34BF66D8}.Release|Any CPU.Build.0 = Release|Any CPU
		{C88B1C66-1A6C-40BB-BE2B-78361D9DE21F}.Debug|Any CPU.ActiveCfg = Debug|Any CPU
		{C88B1C66-1A6C-40BB-BE2B-78361D9DE21F}.Debug|Any CPU.Build.0 = Debug|Any CPU
		{C88B1C66-1A6C-40BB-BE2B-78361D9DE21F}.Release|Any CPU.ActiveCfg = Release|Any CPU
		{C88B1C66-1A6C-40BB-BE2B-78361D9DE21F}.Release|Any CPU.Build.0 = Release|Any CPU
		{D42013B1-757B-4D88-9547-78B6675E3CE0}.Debug|Any CPU.ActiveCfg = Debug|Any CPU
		{D42013B1-757B-4D88-9547-78B6675E3CE0}.Debug|Any CPU.Build.0 = Debug|Any CPU
		{D42013B1-757B-4D88-9547-78B6675E3CE0}.Release|Any CPU.ActiveCfg = Release|Any CPU
		{D42013B1-757B-4D88-9547-78B6675E3CE0}.Release|Any CPU.Build.0 = Release|Any CPU
		{5EA31CEE-A375-4097-970A-DC615C49BA3B}.Debug|Any CPU.ActiveCfg = Debug|Any CPU
		{5EA31CEE-A375-4097-970A-DC615C49BA3B}.Debug|Any CPU.Build.0 = Debug|Any CPU
		{5EA31CEE-A375-4097-970A-DC615C49BA3B}.Release|Any CPU.ActiveCfg = Release|Any CPU
		{5EA31CEE-A375-4097-970A-DC615C49BA3B}.Release|Any CPU.Build.0 = Release|Any CPU
		{9C745ED9-66B2-4C55-BC65-F7881CA71B05}.Debug|Any CPU.ActiveCfg = Debug|Any CPU
		{9C745ED9-66B2-4C55-BC65-F7881CA71B05}.Debug|Any CPU.Build.0 = Debug|Any CPU
		{9C745ED9-66B2-4C55-BC65-F7881CA71B05}.Release|Any CPU.ActiveCfg = Release|Any CPU
		{9C745ED9-66B2-4C55-BC65-F7881CA71B05}.Release|Any CPU.Build.0 = Release|Any CPU
		{DF726536-728D-4794-B87A-98A28D13A291}.Debug|Any CPU.ActiveCfg = Debug|Any CPU
		{DF726536-728D-4794-B87A-98A28D13A291}.Debug|Any CPU.Build.0 = Debug|Any CPU
		{DF726536-728D-4794-B87A-98A28D13A291}.Release|Any CPU.ActiveCfg = Release|Any CPU
		{DF726536-728D-4794-B87A-98A28D13A291}.Release|Any CPU.Build.0 = Release|Any CPU
	EndGlobalSection
	GlobalSection(SolutionProperties) = preSolution
		HideSolutionNode = FALSE
	EndGlobalSection
	GlobalSection(ExtensibilityGlobals) = postSolution
		SolutionGuid = {61F7FB11-1E47-470C-91E2-47F8143E1572}
	EndGlobalSection
	GlobalSection(NestedProjects) = preSolution
		{C88B1C66-1A6C-40BB-BE2B-78361D9DE21F} = {4322693F-3BB0-47FD-929C-7ADC2711D20D}
		{D42013B1-757B-4D88-9547-78B6675E3CE0} = {4EB06CE6-C4D9-452E-824C-F0594BAB0004}
		{5EA31CEE-A375-4097-970A-DC615C49BA3B} = {4EDA92C0-5EA8-4707-BC59-11D2FBBB9B0D}
	EndGlobalSection
EndGlobal
